
Microsoft Visual Studio Solution File, Format Version 12.00
# Blend for Visual Studio 15
VisualStudioVersion = 15.0.28307.106
MinimumVisualStudioVersion = 10.0.40219.1
Project("{FAE04EC0-301F-11D3-BF4B-00C04F79EFBC}") = "ZebraBangumi", "ZebraBangumi\ZebraBangumi.csproj", "{CEA1D91D-CDB5-4243-BCB7-417C7C5E9798}"
EndProject
Global
	GlobalSection(SolutionConfigurationPlatforms) = preSolution
		Debug|Any CPU = Debug|Any CPU
		Debug|x64 = Debug|x64
		Debug|x86 = Debug|x86
		Release|Any CPU = Release|Any CPU
		Release|x64 = Release|x64
		Release|x86 = Release|x86
	EndGlobalSection
	GlobalSection(ProjectConfigurationPlatforms) = postSolution
		{CEA1D91D-CDB5-4243-BCB7-417C7C5E9798}.Debug|Any CPU.ActiveCfg = Debug|Any CPU
		{CEA1D91D-CDB5-4243-BCB7-417C7C5E9798}.Debug|Any CPU.Build.0 = Debug|Any CPU
		{CEA1D91D-CDB5-4243-BCB7-417C7C5E9798}.Debug|x64.ActiveCfg = Debug|x64
		{CEA1D91D-CDB5-4243-BCB7-417C7C5E9798}.Debug|x64.Build.0 = Debug|x64
		{CEA1D91D-CDB5-4243-BCB7-417C7C5E9798}.Debug|x86.ActiveCfg = Debug|x86
		{CEA1D91D-CDB5-4243-BCB7-417C7C5E9798}.Debug|x86.Build.0 = Debug|x86
		{CEA1D91D-CDB5-4243-BCB7-417C7C5E9798}.Release|Any CPU.ActiveCfg = Release|Any CPU
		{CEA1D91D-CDB5-4243-BCB7-417C7C5E9798}.Release|Any CPU.Build.0 = Release|Any CPU
		{CEA1D91D-CDB5-4243-BCB7-417C7C5E9798}.Release|x64.ActiveCfg = Release|x64
		{CEA1D91D-CDB5-4243-BCB7-417C7C5E9798}.Release|x64.Build.0 = Release|x64
		{CEA1D91D-CDB5-4243-BCB7-417C7C5E9798}.Release|x86.ActiveCfg = Release|x86
		{CEA1D91D-CDB5-4243-BCB7-417C7C5E9798}.Release|x86.Build.0 = Release|x86
	EndGlobalSection
	GlobalSection(SolutionProperties) = preSolution
		HideSolutionNode = FALSE
	EndGlobalSection
	GlobalSection(ExtensibilityGlobals) = postSolution
		SolutionGuid = {287FC19C-E6DF-4C64-A3EB-4B9694C6EB29}
	EndGlobalSection
EndGlobal
